
Microsoft Visual Studio Solution File, Format Version 12.00
# Visual Studio Version 17
VisualStudioVersion = 17.3.32929.385
MinimumVisualStudioVersion = 10.0.40219.1
Project("{9A19103F-16F7-4668-BE54-9A1E7A4F7556}") = "Appointment.Client", "Appointment.Client\Appointment.Client.csproj", "{27E3BD7A-2EBF-45D8-AE84-9A1B55F3A6BA}"
EndProject
Project("{9A19103F-16F7-4668-BE54-9A1E7A4F7556}") = "Appointment.Data", "Appointment.Data\Appointment.Data.csproj", "{073B1B1B-E357-4768-A098-8E8E39509CEC}"
EndProject
Project("{9A19103F-16F7-4668-BE54-9A1E7A4F7556}") = "Appointment.Server", "Appointment.Server\Appointment.Server.csproj", "{520B0796-150A-42F9-BBBD-A8C11EE814B2}"
EndProject
Project("{FAE04EC0-301F-11D3-BF4B-00C04F79EFBC}") = "Appointment.UnitTests", "Appointment.UnitTests\Appointment.UnitTests.csproj", "{D41A9C5F-D331-4DCB-B3E4-FD4693EE70D2}"
EndProject
Global
	GlobalSection(SolutionConfigurationPlatforms) = preSolution
		Debug|Any CPU = Debug|Any CPU
		Release|Any CPU = Release|Any CPU
	EndGlobalSection
	GlobalSection(ProjectConfigurationPlatforms) = postSolution
		{27E3BD7A-2EBF-45D8-AE84-9A1B55F3A6BA}.Debug|Any CPU.ActiveCfg = Debug|Any CPU
		{27E3BD7A-2EBF-45D8-AE84-9A1B55F3A6BA}.Debug|Any CPU.Build.0 = Debug|Any CPU
		{27E3BD7A-2EBF-45D8-AE84-9A1B55F3A6BA}.Release|Any CPU.ActiveCfg = Release|Any CPU
		{27E3BD7A-2EBF-45D8-AE84-9A1B55F3A6BA}.Release|Any CPU.Build.0 = Release|Any CPU
		{073B1B1B-E357-4768-A098-8E8E39509CEC}.Debug|Any CPU.ActiveCfg = Debug|Any CPU
		{073B1B1B-E357-4768-A098-8E8E39509CEC}.Debug|Any CPU.Build.0 = Debug|Any CPU
		{073B1B1B-E357-4768-A098-8E8E39509CEC}.Release|Any CPU.ActiveCfg = Release|Any CPU
		{073B1B1B-E357-4768-A098-8E8E39509CEC}.Release|Any CPU.Build.0 = Release|Any CPU
		{520B0796-150A-42F9-BBBD-A8C11EE814B2}.Debug|Any CPU.ActiveCfg = Debug|Any CPU
		{520B0796-150A-42F9-BBBD-A8C11EE814B2}.Debug|Any CPU.Build.0 = Debug|Any CPU
		{520B0796-150A-42F9-BBBD-A8C11EE814B2}.Release|Any CPU.ActiveCfg = Release|Any CPU
		{520B0796-150A-42F9-BBBD-A8C11EE814B2}.Release|Any CPU.Build.0 = Release|Any CPU
		{D41A9C5F-D331-4DCB-B3E4-FD4693EE70D2}.Debug|Any CPU.ActiveCfg = Debug|Any CPU
		{D41A9C5F-D331-4DCB-B3E4-FD4693EE70D2}.Debug|Any CPU.Build.0 = Debug|Any CPU
		{D41A9C5F-D331-4DCB-B3E4-FD4693EE70D2}.Release|Any CPU.ActiveCfg = Release|Any CPU
		{D41A9C5F-D331-4DCB-B3E4-FD4693EE70D2}.Release|Any CPU.Build.0 = Release|Any CPU
	EndGlobalSection
	GlobalSection(SolutionProperties) = preSolution
		HideSolutionNode = FALSE
	EndGlobalSection
	GlobalSection(ExtensibilityGlobals) = postSolution
		SolutionGuid = {3E92C947-3D34-4EED-A168-7349F77F8CC4}
	EndGlobalSection
EndGlobal
