
Microsoft Visual Studio Solution File, Format Version 12.00
# Visual Studio Version 17
VisualStudioVersion = 17.3.32929.385
MinimumVisualStudioVersion = 10.0.40219.1
Project("{FAE04EC0-301F-11D3-BF4B-00C04F79EFBC}") = "DoctorAppointment.Data", "DoctorAppointment.Data\DoctorAppointment.Data.csproj", "{CF147E4F-89D9-471D-B41E-46E809645CDF}"
EndProject
Project("{FAE04EC0-301F-11D3-BF4B-00C04F79EFBC}") = "DoctorAppointment.Client", "DoctorAppointment.Client\DoctorAppointment.Client.csproj", "{84B480A6-B601-4956-9A14-D98C16171F61}"
EndProject
Project("{FAE04EC0-301F-11D3-BF4B-00C04F79EFBC}") = "DoctorAppointment.Server", "DoctorAppointment.Server\DoctorAppointment.Server.csproj", "{AEBCB256-58C3-4493-A168-5A640A66EA39}"
EndProject
Global
	GlobalSection(SolutionConfigurationPlatforms) = preSolution
		Debug|Any CPU = Debug|Any CPU
		Release|Any CPU = Release|Any CPU
	EndGlobalSection
	GlobalSection(ProjectConfigurationPlatforms) = postSolution
		{CF147E4F-89D9-471D-B41E-46E809645CDF}.Debug|Any CPU.ActiveCfg = Debug|Any CPU
		{CF147E4F-89D9-471D-B41E-46E809645CDF}.Debug|Any CPU.Build.0 = Debug|Any CPU
		{CF147E4F-89D9-471D-B41E-46E809645CDF}.Release|Any CPU.ActiveCfg = Release|Any CPU
		{CF147E4F-89D9-471D-B41E-46E809645CDF}.Release|Any CPU.Build.0 = Release|Any CPU
		{84B480A6-B601-4956-9A14-D98C16171F61}.Debug|Any CPU.ActiveCfg = Debug|Any CPU
		{84B480A6-B601-4956-9A14-D98C16171F61}.Debug|Any CPU.Build.0 = Debug|Any CPU
		{84B480A6-B601-4956-9A14-D98C16171F61}.Release|Any CPU.ActiveCfg = Release|Any CPU
		{84B480A6-B601-4956-9A14-D98C16171F61}.Release|Any CPU.Build.0 = Release|Any CPU
		{AEBCB256-58C3-4493-A168-5A640A66EA39}.Debug|Any CPU.ActiveCfg = Debug|Any CPU
		{AEBCB256-58C3-4493-A168-5A640A66EA39}.Debug|Any CPU.Build.0 = Debug|Any CPU
		{AEBCB256-58C3-4493-A168-5A640A66EA39}.Release|Any CPU.ActiveCfg = Release|Any CPU
		{AEBCB256-58C3-4493-A168-5A640A66EA39}.Release|Any CPU.Build.0 = Release|Any CPU
	EndGlobalSection
	GlobalSection(SolutionProperties) = preSolution
		HideSolutionNode = FALSE
	EndGlobalSection
	GlobalSection(ExtensibilityGlobals) = postSolution
		SolutionGuid = {3E92C947-3D34-4EED-A168-7349F77F8CC4}
	EndGlobalSection
EndGlobal
